version = 1
revision = 3
requires-python = ">=3.13"

[[package]]
name = "anyio"
version = "4.13.0"
source = { registry = "https://pypi.org/simple" }
dependencies = [
    { name = "idna" },
]
sdist = { url = "https://files.pythonhosted.org/packages/19/14/2c5dd9f512b66549ae92767a9c7b330ae88e1932ca57876909410251fe13/anyio-4.13.0.tar.gz", hash = "sha256:334b70e641fd2221c1505b3890c69882fe4a2df910cba14d97019b90b24439dc", size = 231622, upload-time = "2026-03-24T12:59:09.671Z" }
wheels = [
    { url = "https://files.pythonhosted.org/packages/da/42/e921fccf5015463e32a3cf6ee7f980a6ed0f395ceeaa45060b61d86486c2/anyio-4.13.0-py3-none-any.whl", hash = "sha256:08b310f9e24a9594186fd75b4f73f4a4152069e3853f1ed8bfbf58369f4ad708", size = 114353, upload-time = "2026-03-24T12:59:08.246Z" },
]

[[package]]
name = "app"
version = "0.1.0"
source = { editable = "." }
dependencies = [
    { name = "bs4" },
    { name = "httpx" },
    { name = "icalendar" },
    { name = "lxml" },
]

[package.dev-dependencies]
dev = [
    { name = "basedpyright" },
    { name = "prek" },
    { name = "ruff" },
]

[package.metadata]
requires-dist = [
    { name = "bs4", specifier = ">=0.0.2" },
    { name = "httpx", specifier = ">=0.28.1" },
    { name = "icalendar", specifier = ">=7.0.3" },
    { name = "lxml", specifier = ">=6.0.3" },
]

[package.metadata.requires-dev]
dev = [
    { name = "basedpyright", specifier = ">=1.39.0" },
    { name = "prek", specifier = ">=0.3.8" },
    { name = "ruff", specifier = ">=0.15.9" },
]

[[package]]
name = "basedpyright"
version = "1.39.0"
source = { registry = "https://pypi.org/simple" }
dependencies = [
    { name = "nodejs-wheel-binaries" },
]
sdist = { url = "https://files.pythonhosted.org/packages/ac/f4/4a77cc1ffb3dab7391642cde30163961d8ee973e9e6b6740c7d15aa3d3ba/basedpyright-1.39.0.tar.gz", hash = "sha256:6666f51c378c7ac45877c4c1c7041ee0b5b83d755ebc82f898f47b6fafe0cc4f", size = 25357403, upload-time = "2026-04-01T12:27:41.92Z" }
wheels = [
    { url = "https://files.pythonhosted.org/packages/97/47/08145d1bcc3083ed20059bdecbde404bd767f91b91e2764ec01cffec9f4b/basedpyright-1.39.0-py3-none-any.whl", hash = "sha256:91b8ad50bc85ee4a985b928f9368c35c99eee5a56c44e99b2442fa12ecc3d670", size = 12353868, upload-time = "2026-04-01T12:27:38.495Z" },
]

[[package]]
name = "beautifulsoup4"
version = "4.14.3"
source = { registry = "https://pypi.org/simple" }
dependencies = [
    { name = "soupsieve" },
    { name = "typing-extensions" },
]
sdist = { url = "https://files.pythonhosted.org/packages/c3/b0/1c6a16426d389813b48d95e26898aff79abbde42ad353958ad95cc8c9b21/beautifulsoup4-4.14.3.tar.gz", hash = "sha256:6292b1c5186d356bba669ef9f7f051757099565ad9ada5dd630bd9de5fa7fb86", size = 627737, upload-time = "2025-11-30T15:08:26.084Z" }
wheels = [
    { url = "https://files.pythonhosted.org/packages/1a/39/47f9197bdd44df24d67ac8893641e16f386c984a0619ef2ee4c51fbbc019/beautifulsoup4-4.14.3-py3-none-any.whl", hash = "sha256:0918bfe44902e6ad8d57732ba310582e98da931428d231a5ecb9e7c703a735bb", size = 107721, upload-time = "2025-11-30T15:08:24.087Z" },
]

[[package]]
name = "bs4"
version = "0.0.2"
source = { registry = "https://pypi.org/simple" }
dependencies = [
    { name = "beautifulsoup4" },
]
sdist = { url = "https://files.pythonhosted.org/packages/c9/aa/4acaf814ff901145da37332e05bb510452ebed97bc9602695059dd46ef39/bs4-0.0.2.tar.gz", hash = "sha256:a48685c58f50fe127722417bae83fe6badf500d54b55f7e39ffe43b798653925", size = 698, upload-time = "2024-01-17T18:15:47.371Z" }
wheels = [
    { url = "https://files.pythonhosted.org/packages/51/bb/bf7aab772a159614954d84aa832c129624ba6c32faa559dfb200a534e50b/bs4-0.0.2-py2.py3-none-any.whl", hash = "sha256:abf8742c0805ef7f662dce4b51cca104cffe52b835238afc169142ab9b3fbccc", size = 1189, upload-time = "2024-01-17T18:15:48.613Z" },
]

[[package]]
name = "certifi"
version = "2026.2.25"
source = { registry = "https://pypi.org/simple" }
sdist = { url = "https://files.pythonhosted.org/packages/af/2d/7bf41579a8986e348fa033a31cdd0e4121114f6bce2457e8876010b092dd/certifi-2026.2.25.tar.gz", hash = "sha256:e887ab5cee78ea814d3472169153c2d12cd43b14bd03329a39a9c6e2e80bfba7", size = 155029, upload-time = "2026-02-25T02:54:17.342Z" }
wheels = [
    { url = "https://files.pythonhosted.org/packages/9a/3c/c17fb3ca2d9c3acff52e30b309f538586f9f5b9c9cf454f3845fc9af4881/certifi-2026.2.25-py3-none-any.whl", hash = "sha256:027692e4402ad994f1c42e52a4997a9763c646b73e4096e4d5d6db8af1d6f0fa", size = 153684, upload-time = "2026-02-25T02:54:15.766Z" },
]

[[package]]
name = "h11"
version = "0.16.0"
source = { registry = "https://pypi.org/simple" }
sdist = { url = "https://files.pythonhosted.org/packages/01/ee/02a2c011bdab74c6fb3c75474d40b3052059d95df7e73351460c8588d963/h11-0.16.0.tar.gz", hash = "sha256:4e35b956cf45792e4caa5885e69fba00bdbc6ffafbfa020300e549b208ee5ff1", size = 101250, upload-time = "2025-04-24T03:35:25.427Z" }
wheels = [
    { url = "https://files.pythonhosted.org/packages/04/4b/29cac41a4d98d144bf5f6d33995617b185d14b22401f75ca86f384e87ff1/h11-0.16.0-py3-none-any.whl", hash = "sha256:63cf8bbe7522de3bf65932fda1d9c2772064ffb3dae62d55932da54b31cb6c86", size = 37515, upload-time = "2025-04-24T03:35:24.344Z" },
]

[[package]]
name = "httpcore"
version = "1.0.9"
source = { registry = "https://pypi.org/simple" }
dependencies = [
    { name = "certifi" },
    { name = "h11" },
]
sdist = { url = "https://files.pythonhosted.org/packages/06/94/82699a10bca87a5556c9c59b5963f2d039dbd239f25bc2a63907a05a14cb/httpcore-1.0.9.tar.gz", hash = "sha256:6e34463af53fd2ab5d807f399a9b45ea31c3dfa2276f15a2c3f00afff6e176e8", size = 85484, upload-time = "2025-04-24T22:06:22.219Z" }
wheels = [
    { url = "https://files.pythonhosted.org/packages/7e/f5/f66802a942d491edb555dd61e3a9961140fd64c90bce1eafd741609d334d/httpcore-1.0.9-py3-none-any.whl", hash = "sha256:2d400746a40668fc9dec9810239072b40b4484b640a8c38fd654a024c7a1bf55", size = 78784, upload-time = "2025-04-24T22:06:20.566Z" },
]

[[package]]
name = "httpx"
version = "0.28.1"
source = { registry = "https://pypi.org/simple" }
dependencies = [
    { name = "anyio" },
    { name = "certifi" },
    { name = "httpcore" },
    { name = "idna" },
]
sdist = { url = "https://files.pythonhosted.org/packages/b1/df/48c586a5fe32a0f01324ee087459e112ebb7224f646c0b5023f5e79e9956/httpx-0.28.1.tar.gz", hash = "sha256:75e98c5f16b0f35b567856f597f06ff2270a374470a5c2392242528e3e3e42fc", size = 141406, upload-time = "2024-12-06T15:37:23.222Z" }
wheels = [
    { url = "https://files.pythonhosted.org/packages/2a/39/e50c7c3a983047577ee07d2a9e53faf5a69493943ec3f6a384bdc792deb2/httpx-0.28.1-py3-none-any.whl", hash = "sha256:d909fcccc110f8c7faf814ca82a9a4d816bc5a6dbfea25d6591d6985b8ba59ad", size = 73517, upload-time = "2024-12-06T15:37:21.509Z" },
]

[[package]]
name = "icalendar"
version = "7.0.3"
source = { registry = "https://pypi.org/simple" }
dependencies = [
    { name = "python-dateutil" },
    { name = "tzdata" },
]
sdist = { url = "https://files.pythonhosted.org/packages/b8/60/6b0356a2ed1c9689ae14bd8e44f22eac67c420a0ecca4df8306b70906600/icalendar-7.0.3.tar.gz", hash = "sha256:95027ece087ab87184d765f03761f25875821f74cdd18d3b57e9c868216d8fde", size = 443788, upload-time = "2026-03-03T12:00:10.952Z" }
wheels = [
    { url = "https://files.pythonhosted.org/packages/fa/c6/431fbf9063a6a4306d4cedae7823d69baf0979ba6ca57ab24a9d898cd0aa/icalendar-7.0.3-py3-none-any.whl", hash = "sha256:8c9fea6d3a89671bba8b6938d8565b4d0ec465c6a2796ef0f92790dcb9e627cd", size = 442406, upload-time = "2026-03-03T12:00:09.228Z" },
]

[[package]]
name = "idna"
version = "3.11"
source = { registry = "https://pypi.org/simple" }
sdist = { url = "https://files.pythonhosted.org/packages/6f/6d/0703ccc57f3a7233505399edb88de3cbd678da106337b9fcde432b65ed60/idna-3.11.tar.gz", hash = "sha256:795dafcc9c04ed0c1fb032c2aa73654d8e8c5023a7df64a53f39190ada629902", size = 194582, upload-time = "2025-10-12T14:55:20.501Z" }
wheels = [
    { url = "https://files.pythonhosted.org/packages/0e/61/66938bbb5fc52dbdf84594873d5b51fb1f7c7794e9c0f5bd885f30bc507b/idna-3.11-py3-none-any.whl", hash = "sha256:771a87f49d9defaf64091e6e6fe9c18d4833f140bd19464795bc32d966ca37ea", size = 71008, upload-time = "2025-10-12T14:55:18.883Z" },
]

[[package]]
name = "lxml"
version = "6.0.3"
source = { registry = "https://pypi.org/simple" }
sdist = { url = "https://files.pythonhosted.org/packages/43/42/149c7747977db9d68faee960c1a3391eb25e94d4bb677f8e2df8328e4098/lxml-6.0.3.tar.gz", hash = "sha256:a1664c5139755df44cab3834f4400b331b02205d62d3fdcb1554f63439bf3372", size = 4237567, upload-time = "2026-04-09T14:39:09.664Z" }
wheels = [
    { url = "https://files.pythonhosted.org/packages/86/a6/2cdc9c5a634b1b890927f968febc2474fa3eb6fed99db82ea3c008bbbda4/lxml-6.0.3-cp313-cp313-macosx_10_13_universal2.whl", hash = "sha256:83c1d75e9d124ab82a4ddaf59135112f0dc49526b47355e5928ae6126a68e236", size = 8559579, upload-time = "2026-04-09T14:35:35.644Z" },
    { url = "https://files.pythonhosted.org/packages/97/3c/adfbcdab17f89f72e069c5df5661c81e0511e3cdb353550f778e9ffaa08e/lxml-6.0.3-cp313-cp313-macosx_10_13_x86_64.whl", hash = "sha256:b683665d0287308adafc90a5617a51a508d8af8c7040693693bb333b5f4474fe", size = 4617332, upload-time = "2026-04-09T14:35:38.901Z" },
    { url = "https://files.pythonhosted.org/packages/5e/d4/ee1a5c734a5ad79024fa85808f3efc18d5733813141e2bb2726a7d9d8bea/lxml-6.0.3-cp313-cp313-manylinux2014_aarch64.manylinux_2_17_aarch64.whl", hash = "sha256:ed31e5852cd938704bc6c7a3822cbf84c7fa00ebfa914a1b4e2392d44f45bdfb", size = 4922821, upload-time = "2026-04-09T14:35:41.521Z" },
    { url = "https://files.pythonhosted.org/packages/f1/1f/87efcc0b93ba4f95303ec8f80164f3c50db20a3a5612a285133f9ad6cb7e/lxml-6.0.3-cp313-cp313-manylinux2014_x86_64.manylinux_2_17_x86_64.whl", hash = "sha256:8922a30704a4421d69a19e0499db5861da686c0bccc3a79cf3946e3155cf25f9", size = 5081226, upload-time = "2026-04-09T14:35:44.02Z" },
    { url = "https://files.pythonhosted.org/packages/65/8b/fd0fadd9ec8a6ac9d694014ccdb9504e28705abb2e08c9ca23c609020325/lxml-6.0.3-cp313-cp313-manylinux_2_26_aarch64.manylinux_2_28_aarch64.whl", hash = "sha256:9a1adb0e220cb8691202ba9d97646a06292657a122df4b92733861d42f7cf4d2", size = 4992884, upload-time = "2026-04-09T14:35:46.769Z" },
    { url = "https://files.pythonhosted.org/packages/68/75/2fb0e534225214c6386496b7847195d7297b913cf563c5ccea394afc346b/lxml-6.0.3-cp313-cp313-manylinux_2_26_ppc64le.manylinux_2_28_ppc64le.whl", hash = "sha256:821fd53699eb498990c915ba955a392d07246454c9405e6c1d0692362503013d", size = 5613383, upload-time = "2026-04-09T14:35:49.303Z" },
    { url = "https://files.pythonhosted.org/packages/54/3a/8f560f8fb2f5f092e18ac7a13a94b77e0e5213fe7c424d12e98393dcc7d8/lxml-6.0.3-cp313-cp313-manylinux_2_26_x86_64.manylinux_2_28_x86_64.whl", hash = "sha256:04b7cedf52e125f86d0d426635e7fbe8e353d4cc272a1757888e3c072424381d", size = 5228398, upload-time = "2026-04-09T14:35:51.611Z" },
    { url = "https://files.pythonhosted.org/packages/aa/d5/6bf993c02a0173eb5883ace61958c55c245d3daf7753fb5f931a9691b440/lxml-6.0.3-cp313-cp313-manylinux_2_28_i686.whl", hash = "sha256:9d98063e6ae0da5084ec46952bb0a5ccb5e2cad168e32b4d65d1ec84e4b4ebd4", size = 5342198, upload-time = "2026-04-09T14:35:54.311Z" },
    { url = "https://files.pythonhosted.org/packages/bb/18/637130349ca6aa33b6dc4796732835ede5017a811c5f55763a1c468f7971/lxml-6.0.3-cp313-cp313-manylinux_2_31_armv7l.whl", hash = "sha256:ce01ab3449015358f766a1950b3d818eedf9d4cdec3fa87e4eecaad10c0784db", size = 4699178, upload-time = "2026-04-09T14:35:56.647Z" },
    { url = "https://files.pythonhosted.org/packages/bb/19/239daafcc1cfa42b8aa6384509a9fd2cb1aa281679c6e8395adf9ccbc189/lxml-6.0.3-cp313-cp313-manylinux_2_38_riscv64.manylinux_2_39_riscv64.whl", hash = "sha256:d38c25bad123d6ce30bb37931d90a4e8a167cd796eeae9cd16c2bfce52718f8e", size = 5231869, upload-time = "2026-04-09T14:36:00.41Z" },
    { url = "https://files.pythonhosted.org/packages/0a/74/db7fcadc651b988502bed00d48acfd8b997ecb5dd52ebcc05f39bf946d9e/lxml-6.0.3-cp313-cp313-musllinux_1_2_aarch64.whl", hash = "sha256:9b8e0779780026979f217603385995202f364adc9807bd21210d81b9f562fc4e", size = 5043669, upload-time = "2026-04-09T14:36:02.463Z" },
    { url = "https://files.pythonhosted.org/packages/55/99/af795b579182fa04aa87fcb0bd112e22705d982f71eb53874a8d356b4091/lxml-6.0.3-cp313-cp313-musllinux_1_2_armv7l.whl", hash = "sha256:8c082ad2398664213a4bb5d133e2eb8bf239220b7d6688f8c8ffa9050057501f", size = 4769745, upload-time = "2026-04-09T14:36:04.716Z" },
    { url = "https://files.pythonhosted.org/packages/52/4d/10e652edc55d206188a1b738d1033aad3497886d34cb7f5fc753e67ecb49/lxml-6.0.3-cp313-cp313-musllinux_1_2_ppc64le.whl", hash = "sha256:dfc80c74233fe01157ab550fb12b9d07a2f1fa7c5900cefb484e3bf02e856fbc", size = 5635496, upload-time = "2026-04-09T14:36:06.815Z" },
    { url = "https://files.pythonhosted.org/packages/ab/68/95371835ec15bb46feee27b090bcabbe579f4ad04efbef08e2713bcfea16/lxml-6.0.3-cp313-cp313-musllinux_1_2_riscv64.whl", hash = "sha256:5c45bdcdc2ca6cf26fddff3faa5de7a2ed7c7f6016b3de80125313a37f972378", size = 5223564, upload-time = "2026-04-09T14:36:09.057Z" },
    { url = "https://files.pythonhosted.org/packages/aa/a6/0a9e5b63e8959487551be5d5496bb758ed2424c77ed7b25a9b8aae3b60c6/lxml-6.0.3-cp313-cp313-musllinux_1_2_x86_64.whl", hash = "sha256:99457524afd384c330dc51e527976653d543ccadfa815d9f2d92c5911626e536", size = 5250124, upload-time = "2026-04-09T14:36:11.337Z" },
    { url = "https://files.pythonhosted.org/packages/d9/80/de3d3a790edf6d026c829fe8ccf54845058f57f8bb788e420c3b227eecef/lxml-6.0.3-cp313-cp313-win32.whl", hash = "sha256:c8e3b8a54e65393ce1d5c7d9753fe756f0d96089e7163b20ddec3e5bb56a963e", size = 3596004, upload-time = "2026-04-09T14:36:13.446Z" },
    { url = "https://files.pythonhosted.org/packages/9f/cf/43c9a5926060e39d99593921f37d7e88f129bc32ab6266b8460483abd613/lxml-6.0.3-cp313-cp313-win_amd64.whl", hash = "sha256:724b26a38cef98d6869d00a33cb66083bee967598e44f6a8e53f1dd283c851b0", size = 3994750, upload-time = "2026-04-09T14:36:15.686Z" },
    { url = "https://files.pythonhosted.org/packages/e5/d3/b224dbc282bfef52d2e05645e405b5ed89c6391144dc09864229fe9ce88c/lxml-6.0.3-cp313-cp313-win_arm64.whl", hash = "sha256:f27373113fda6621e4201f529908a24c8a190c2af355aed4711dadca44db4673", size = 3657620, upload-time = "2026-04-09T14:36:17.952Z" },
    { url = "https://files.pythonhosted.org/packages/d3/40/b637359bacf3813f1174d15b08516020ba5beb355e04377105d561e6e00a/lxml-6.0.3-cp314-cp314-macosx_10_15_universal2.whl", hash = "sha256:8c08926678852a233bf1ef645c4d683d56107f814482f8f41b21ef2c7659790e", size = 8575318, upload-time = "2026-04-09T14:36:20.608Z" },
    { url = "https://files.pythonhosted.org/packages/7f/91/d5286a45202ed91f1e428e68c6e1c11bcb2b42715c48424871fc73485b05/lxml-6.0.3-cp314-cp314-macosx_10_15_x86_64.whl", hash = "sha256:2ce76d113a7c3bf42761ec1de7ca615b0cbf9d8ae478eb1d6c20111d9c9fc098", size = 4623084, upload-time = "2026-04-09T14:36:24.015Z" },
    { url = "https://files.pythonhosted.org/packages/8a/5f/7ea1af571ee13ed1e5fba007fd83cd0794723ca76a51eed0ef9513363b1f/lxml-6.0.3-cp314-cp314-manylinux2014_aarch64.manylinux_2_17_aarch64.whl", hash = "sha256:83eca62141314d641ebe8089ffa532bbf572ea07dd6255b58c40130d06bb2509", size = 4948797, upload-time = "2026-04-09T14:36:26.662Z" },
    { url = "https://files.pythonhosted.org/packages/82/be/3a9b8d787d9877cbe17e02ef5af2523bd14ecc177ce308397c485c56fe18/lxml-6.0.3-cp314-cp314-manylinux2014_x86_64.manylinux_2_17_x86_64.whl", hash = "sha256:d8781d812bb8efd47c35651639da38980383ff0d0c1f3269ade23e3a90799079", size = 5085983, upload-time = "2026-04-09T14:36:29.486Z" },
    { url = "https://files.pythonhosted.org/packages/c4/2b/645abaef837b11414c81513c31b308a001fb8cd370f665c3ebc854be5ba5/lxml-6.0.3-cp314-cp314-manylinux_2_26_aarch64.manylinux_2_28_aarch64.whl", hash = "sha256:19b079e81aa3a31b523a224b0dd46da4f56e1b1e248eef9a599e5c885c788813", size = 5031039, upload-time = "2026-04-09T14:36:31.735Z" },
    { url = "https://files.pythonhosted.org/packages/3b/4f/561f30b77e9edbb373e2b6b7203a7d6ab219c495abca219536c66f3a44b2/lxml-6.0.3-cp314-cp314-manylinux_2_26_ppc64le.manylinux_2_28_ppc64le.whl", hash = "sha256:6c055bafdcb53e7f9f75e22c009cd183dd410475e21c296d599531d7f03d1bf5", size = 5646718, upload-time = "2026-04-09T14:36:34.127Z" },
    { url = "https://files.pythonhosted.org/packages/d7/ba/2a72e673d109b563c2ab77097f2f4ca64e2927d2f04836ba07aaabe1da0e/lxml-6.0.3-cp314-cp314-manylinux_2_26_x86_64.manylinux_2_28_x86_64.whl", hash = "sha256:13f1594a183cee73f9a1dbfd35871c4e04b461f47eeb9bcf80f7d7856b1b136d", size = 5239360, upload-time = "2026-04-09T14:36:37.195Z" },
    { url = "https://files.pythonhosted.org/packages/52/98/4e5a4ef87d846af90cc9c1ee2f8af2af34c221e620aad317b3a535361b93/lxml-6.0.3-cp314-cp314-manylinux_2_28_i686.whl", hash = "sha256:a6380c5035598e4665272ad3fc86c96ddb2a220d4059cce5ba4b660f78346ad9", size = 5351233, upload-time = "2026-04-09T14:36:39.634Z" },
    { url = "https://files.pythonhosted.org/packages/cb/b8/cff0af5fe48ede6b1949dc2e14171470c0c68a15789037c1fed90602b89d/lxml-6.0.3-cp314-cp314-manylinux_2_31_armv7l.whl", hash = "sha256:143ac903fb6c9be6da613390825c8e8bb8c8d71517d43882031f6b9bc89770ef", size = 4696677, upload-time = "2026-04-09T14:36:42.037Z" },
    { url = "https://files.pythonhosted.org/packages/0c/6e/0b2a918fb15c30b00ff112df16c548df011db37b58d764bd17f47db74905/lxml-6.0.3-cp314-cp314-manylinux_2_38_riscv64.manylinux_2_39_riscv64.whl", hash = "sha256:c4fff7d77f440378cd841e340398edf5dbefee334816efbf521bb6e31651e54e", size = 5250503, upload-time = "2026-04-09T14:36:44.417Z" },
    { url = "https://files.pythonhosted.org/packages/57/1b/4697918f9d4c2e643e2c59cedb37c2f3a9f76fb1217d767f6dff476813d8/lxml-6.0.3-cp314-cp314-musllinux_1_2_aarch64.whl", hash = "sha256:631567ffc3ddb989ccdcd28f6b9fa5aab1ec7fc0e99fe65572b006a6aad347e2", size = 5084563, upload-time = "2026-04-09T14:36:46.762Z" },
    { url = "https://files.pythonhosted.org/packages/7b/8c/d7ec96246f0632773912c6556288d3b6bb6580f3a967441ca4636ddc3f73/lxml-6.0.3-cp314-cp314-musllinux_1_2_armv7l.whl", hash = "sha256:38acf7171535ffa7fff1fcec8b82ebd4e55cd02e581efe776928108421accaa1", size = 4737407, upload-time = "2026-04-09T14:36:49.826Z" },
    { url = "https://files.pythonhosted.org/packages/d2/0c/603e35bf77aeb28c972f39eece35e7c0f6579ff33a7bed095cc2f7f942d9/lxml-6.0.3-cp314-cp314-musllinux_1_2_ppc64le.whl", hash = "sha256:06b9f3ac459b4565bbaa97aa5512aa7f9a1188c662f0108364f288f6daf35773", size = 5670919, upload-time = "2026-04-09T14:36:52.231Z" },
    { url = "https://files.pythonhosted.org/packages/92/08/6d3f188e6705cf0bfd8b5788055c7381bb3ffa786dfba9fa0b0ed5778506/lxml-6.0.3-cp314-cp314-musllinux_1_2_riscv64.whl", hash = "sha256:2773dbe2cedee81f2769bd5d24ceb4037706cf032e1703513dd0e9476cd9375f", size = 5237771, upload-time = "2026-04-09T14:36:55.286Z" },
    { url = "https://files.pythonhosted.org/packages/f1/4c/01639533b90e9ff622909c113df2ab2dbdd1d78540eb153d13b66a9c96ba/lxml-6.0.3-cp314-cp314-musllinux_1_2_x86_64.whl", hash = "sha256:30c437d8bb9a9a9edff27e85b694342e47a26a6abc249abe00584a4824f9d80d", size = 5263862, upload-time = "2026-04-09T14:36:58.247Z" },
    { url = "https://files.pythonhosted.org/packages/06/0e/bd1157d7b09d1f5e1d580c124203cee656130a3f8908365760a593b21daf/lxml-6.0.3-cp314-cp314-win32.whl", hash = "sha256:1b60a3a1205f869bd47874787c792087174453b1a869db4837bf5b3ff92be017", size = 3656378, upload-time = "2026-04-09T14:37:47.74Z" },
    { url = "https://files.pythonhosted.org/packages/c5/cc/d50cbce8cd5687670868bea33bbeefa0866c5e5d02c5e11c4a04c79fc45e/lxml-6.0.3-cp314-cp314-win_amd64.whl", hash = "sha256:5b6913a68d98c58c673667c864500ba31bc9b0f462effac98914e9a92ebacd2e", size = 4062518, upload-time = "2026-04-09T14:37:49.911Z" },
    { url = "https://files.pythonhosted.org/packages/fd/c7/ece11a1e51390502894838aa384e9f98af7bef4d6806a927197153a16972/lxml-6.0.3-cp314-cp314-win_arm64.whl", hash = "sha256:1b36a3c73f2a6d9c2bfae78089ca7aedae5c2ee5fd5214a15f00b2f89e558ba7", size = 3741064, upload-time = "2026-04-09T14:37:52.185Z" },
    { url = "https://files.pythonhosted.org/packages/2c/ae/918d7f89635fb6456cd732c12246c0e504dd9c49e8006f3593c9ecdb90ff/lxml-6.0.3-cp314-cp314t-macosx_10_15_universal2.whl", hash = "sha256:239e9a6be3a79c03ec200d26f7bb17a4414704a208059e20050bf161e2d8848a", size = 8826590, upload-time = "2026-04-09T14:37:00.862Z" },
    { url = "https://files.pythonhosted.org/packages/07/cf/bda0ae583758704719976b9ea69c8b089fa5f92e49683e517386539b21cf/lxml-6.0.3-cp314-cp314t-macosx_10_15_x86_64.whl", hash = "sha256:16e5cbaa1a6351f2abefa4072e9aac1f09103b47fe7ab4496d54e5995b065162", size = 4735028, upload-time = "2026-04-09T14:37:03.602Z" },
    { url = "https://files.pythonhosted.org/packages/2f/0e/3bfb18778c6f73c7ead2d49a256501fa3052888b899826f5d1df1fbdf83b/lxml-6.0.3-cp314-cp314t-manylinux2014_aarch64.manylinux_2_17_aarch64.whl", hash = "sha256:89f8746c206d8cf2c167221831645d6cc2b24464afd9c428a5eb3fd34c584eb1", size = 4969184, upload-time = "2026-04-09T14:37:05.914Z" },
    { url = "https://files.pythonhosted.org/packages/29/e6/796c77751a682d6d1bb9aa3fe43851b41a21b0377100e246a4a83a81d668/lxml-6.0.3-cp314-cp314t-manylinux2014_x86_64.manylinux_2_17_x86_64.whl", hash = "sha256:5d559a84b2fd583e5bcf8ec4af1ec895f98811684d5fbd6524ea31a04f92d4ad", size = 5103548, upload-time = "2026-04-09T14:37:08.605Z" },
    { url = "https://files.pythonhosted.org/packages/f9/5e/a02aee214f657f29d4690d88161de8ffb8f1b5139e792bae313b9479e317/lxml-6.0.3-cp314-cp314t-manylinux_2_26_aarch64.manylinux_2_28_aarch64.whl", hash = "sha256:7966fbce2d18fde579d5593933d36ad98cc7c8dc7f2b1916d127057ce0415062", size = 5027775, upload-time = "2026-04-09T14:37:11.283Z" },
    { url = "https://files.pythonhosted.org/packages/20/e5/65dd25f2c366879d696d1c720af9a96fa0969d2d135a27b6140222fc6f68/lxml-6.0.3-cp314-cp314t-manylinux_2_26_ppc64le.manylinux_2_28_ppc64le.whl", hash = "sha256:a1f258e6aa0e6eda2c1199f5582c062c96c7d4a28d96d0c4daa79e39b3f2a764", size = 5595348, upload-time = "2026-04-09T14:37:13.618Z" },
    { url = "https://files.pythonhosted.org/packages/f7/1f/2f0e80d7fd2ad9755d771af4ad46ea14bf871bc5a1d2d365a3f948940ddf/lxml-6.0.3-cp314-cp314t-manylinux_2_26_x86_64.manylinux_2_28_x86_64.whl", hash = "sha256:738aef404c862d2c3cd951364ee7175c9d50e8290f5726611c4208c0fba8d186", size = 5224217, upload-time = "2026-04-09T14:37:16.519Z" },
    { url = "https://files.pythonhosted.org/packages/3b/28/e1aaeee7d6a4c9f24a3e4535a4e19ce64b99eefbe7437d325b61623b1817/lxml-6.0.3-cp314-cp314t-manylinux_2_28_i686.whl", hash = "sha256:5c35e5c3ed300990a46a144d3514465713f812b35dacfa83e928c60db7c90af7", size = 5312245, upload-time = "2026-04-09T14:37:19.387Z" },
    { url = "https://files.pythonhosted.org/packages/0a/ac/9633cb919124473e03c62862b0494bf0e1705f902fbd9627be4f648bddfb/lxml-6.0.3-cp314-cp314t-manylinux_2_31_armv7l.whl", hash = "sha256:4ff774b43712b0cf40d9888a5494ca39aefe990c946511cc947b9fddcf74a29b", size = 4637952, upload-time = "2026-04-09T14:37:21.648Z" },
    { url = "https://files.pythonhosted.org/packages/50/aa/135baeea457d41989bafa78e437fe3a370c793aab0d8fb3da73ccae10095/lxml-6.0.3-cp314-cp314t-manylinux_2_38_riscv64.manylinux_2_39_riscv64.whl", hash = "sha256:d20af2784c763928d0d0879cbc5a3739e4d81eefa0d68962d3478bff4c13e644", size = 5232782, upload-time = "2026-04-09T14:37:24.6Z" },
    { url = "https://files.pythonhosted.org/packages/0e/77/d05183ac8440cbc4c6fa386edb7ba9718bee4f097e58485b1cd1f9479d56/lxml-6.0.3-cp314-cp314t-musllinux_1_2_aarch64.whl", hash = "sha256:fdb7786ebefaa0dad0d399dfeaf146b370a14591af2f3aea59e06f931a426678", size = 5083889, upload-time = "2026-04-09T14:37:27.432Z" },
    { url = "https://files.pythonhosted.org/packages/6d/58/e9fda8fb82775491ad0290c7b17252f944b6c3a6974cd820d65910690351/lxml-6.0.3-cp314-cp314t-musllinux_1_2_armv7l.whl", hash = "sha256:c71a387ea133481e725079cff22de45593bf0b834824de22829365ab1d2386c9", size = 4758658, upload-time = "2026-04-09T14:37:29.81Z" },
    { url = "https://files.pythonhosted.org/packages/8b/32/4aae9f004f79f9d200efd8343809cfe46077f8e5bd58f08708c320a20fcd/lxml-6.0.3-cp314-cp314t-musllinux_1_2_ppc64le.whl", hash = "sha256:841b89fc3d910d61c7c267db6bb7dc3a8b3dac240edb66220fcdf96fe70a0552", size = 5619494, upload-time = "2026-04-09T14:37:33.482Z" },
    { url = "https://files.pythonhosted.org/packages/f9/49/407fa9e3c91e7c6d0762eaeedd50d4695bcd26db817e933ca689eb1f3df4/lxml-6.0.3-cp314-cp314t-musllinux_1_2_riscv64.whl", hash = "sha256:ac2d6cdafa29672d6a604c641bf67ace3fd0735ec6885501a94943379219ddbf", size = 5228386, upload-time = "2026-04-09T14:37:36.058Z" },
    { url = "https://files.pythonhosted.org/packages/99/92/39982f818acbb1dd67dd5d20c2a06bcb9f1f3b9a8ff0021e367904f82417/lxml-6.0.3-cp314-cp314t-musllinux_1_2_x86_64.whl", hash = "sha256:609bf136a7339aeca2bd4268c7cd190f33d13118975fe9964eda8e5138f42802", size = 5247973, upload-time = "2026-04-09T14:37:38.836Z" },
    { url = "https://files.pythonhosted.org/packages/66/68/fcdbb78c8cda81a86e17b31abf103b7e474e474a09fb291a99e7a9b43eb8/lxml-6.0.3-cp314-cp314t-win32.whl", hash = "sha256:bf98f5f87f6484302e7cce4e2ca5af43562902852063d916c3e2f1c115fdce60", size = 3896249, upload-time = "2026-04-09T14:37:41.068Z" },
    { url = "https://files.pythonhosted.org/packages/88/fb/6292681ac4a4223b700569ce98f71662cb07c5a3ade4f346f5f0d5c574cf/lxml-6.0.3-cp314-cp314t-win_amd64.whl", hash = "sha256:d3d65e511e4e656ec67b472110f7a72cbf8547ca15f76fe74cffa4e97412a064", size = 4391091, upload-time = "2026-04-09T14:37:43.357Z" },
    { url = "https://files.pythonhosted.org/packages/99/39/a0f486360a6f1b36fd2f5eb62d037652bef503d82b6f853aee6664cdfcac/lxml-6.0.3-cp314-cp314t-win_arm64.whl", hash = "sha256:cbc7ce67f85b92db97c92219985432be84dc1ba9a028e68c6933e89551234df2", size = 3816374, upload-time = "2026-04-09T14:37:45.532Z" },
]

[[package]]
name = "nodejs-wheel-binaries"
version = "24.14.1"
source = { registry = "https://pypi.org/simple" }
sdist = { url = "https://files.pythonhosted.org/packages/f1/87/e5755ad739daafce2e152ab609293d65e6c663b399e28a4bbcd0f4af1f45/nodejs_wheel_binaries-24.14.1.tar.gz", hash = "sha256:d00ae0c86d7e1bfa798e8f8ad282db751af157cdcaa1208a1b9a2cf2a85ac821", size = 8056, upload-time = "2026-03-31T14:07:27Z" }
wheels = [
    { url = "https://files.pythonhosted.org/packages/8b/b7/9765d9a5d3b95475829ef5965d4a4f6f4badb034ee4e18c2d5f8b9b65d6f/nodejs_wheel_binaries-24.14.1-py2.py3-none-macosx_13_0_arm64.whl", hash = "sha256:d9e856ba0f2d3d2659869e6e0f4cae6874faeeeca7f879131a88451356373ac4", size = 54945603, upload-time = "2026-03-31T14:06:58.526Z" },
    { url = "https://files.pythonhosted.org/packages/6f/15/bc2fa51ee31ce597b2af1905081e5a5add07fe0cf619bfa531d7df2f1f1b/nodejs_wheel_binaries-24.14.1-py2.py3-none-macosx_13_0_x86_64.whl", hash = "sha256:634f57829ebfdfe95d096f32a50c5cdd3a6c72a94dcf2b92a8bef9868cccb13e", size = 55119951, upload-time = "2026-03-31T14:07:02.597Z" },
    { url = "https://files.pythonhosted.org/packages/a6/dd/92ff0831262af4bbb5473d4e7964fd27afb0901a2690a6ff7bc3d220d97f/nodejs_wheel_binaries-24.14.1-py2.py3-none-manylinux_2_28_aarch64.whl", hash = "sha256:404b563467129e6a0ea7006a38b3d8af0ebfbc340b31a6a0af2c59ea3af90b7c", size = 59487620, upload-time = "2026-03-31T14:07:06.198Z" },
    { url = "https://files.pythonhosted.org/packages/45/36/bbbee3adf6afd00944e5a86ebd64987dea90bd347090155a4989dc3e8594/nodejs_wheel_binaries-24.14.1-py2.py3-none-manylinux_2_28_x86_64.whl", hash = "sha256:7863c62f8a3946b727831f71375a9ae00205b3258478476034b49c3a1d57ac12", size = 59986044, upload-time = "2026-03-31T14:07:09.846Z" },
    { url = "https://files.pythonhosted.org/packages/05/16/119e4168bf7ed17ad7961d122701c75ac86135fa243a958b960a3f1b7055/nodejs_wheel_binaries-24.14.1-py2.py3-none-musllinux_1_2_aarch64.whl", hash = "sha256:a3f64daa1235fa6a83c778ded98d5fe4e74979ca54aa2ffb807f0805c57c3abe", size = 61489823, upload-time = "2026-03-31T14:07:13.378Z" },
    { url = "https://files.pythonhosted.org/packages/8c/a6/d581996827b9d1133094dc347f1c4e3d2a70557973ce7a427a03337b1427/nodejs_wheel_binaries-24.14.1-py2.py3-none-musllinux_1_2_x86_64.whl", hash = "sha256:810a48ce096925ead0690f7d143e48fb902ebfc9212097e8f6cb3ac6cbe8f314", size = 62069740, upload-time = "2026-03-31T14:07:17.006Z" },
    { url = "https://files.pythonhosted.org/packages/27/da/396d1a48cbf3d5899461bda12fa97ae4010d7e4013e7f28230cb04af5818/nodejs_wheel_binaries-24.14.1-py2.py3-none-win_amd64.whl", hash = "sha256:7a087b6a727fb9242d1cc83c8b121711bd0e9686408d27de48b34b23dfb26ac5", size = 41400067, upload-time = "2026-03-31T14:07:20.513Z" },
    { url = "https://files.pythonhosted.org/packages/13/b7/adb21cf549934579e98934531e7f9b038d583fc9c2dd4b82ea01cc31bdd2/nodejs_wheel_binaries-24.14.1-py2.py3-none-win_arm64.whl", hash = "sha256:978fdfe76624c48111ab99ed0f99f9d4c1c682e420b0212ac9e1daee52f20283", size = 39096873, upload-time = "2026-03-31T14:07:23.977Z" },
]

[[package]]
name = "prek"
version = "0.3.8"
source = { registry = "https://pypi.org/simple" }
sdist = { url = "https://files.pythonhosted.org/packages/62/ee/03e8180e3fda9de25b6480bd15cc2bde40d573868d50648b0e527b35562f/prek-0.3.8.tar.gz", hash = "sha256:434a214256516f187a3ab15f869d950243be66b94ad47987ee4281b69643a2d9", size = 400224, upload-time = "2026-03-23T08:23:35.981Z" }
wheels = [
    { url = "https://files.pythonhosted.org/packages/00/84/40d2ddf362d12c4cd4a25a8c89a862edf87cdfbf1422aa41aac8e315d409/prek-0.3.8-py3-none-linux_armv6l.whl", hash = "sha256:6fb646ada60658fa6dd7771b2e0fb097f005151be222f869dada3eb26d79ed33", size = 5226646, upload-time = "2026-03-23T08:23:18.306Z" },
    { url = "https://files.pythonhosted.org/packages/e1/52/7308a033fa43b7e8e188797bd2b3b017c0f0adda70fa7af575b1f43ea888/prek-0.3.8-py3-none-macosx_10_12_x86_64.whl", hash = "sha256:f3d7fdadb15efc19c09953c7a33cf2061a70f367d1e1957358d3ad5cc49d0616", size = 5620104, upload-time = "2026-03-23T08:23:40.053Z" },
    { url = "https://files.pythonhosted.org/packages/ff/b1/f106ac000a91511a9cd80169868daf2f5b693480ef5232cec5517a38a512/prek-0.3.8-py3-none-macosx_11_0_arm64.whl", hash = "sha256:72728c3295e79ca443f8c1ec037d2a5b914ec73a358f69cf1bc1964511876bf8", size = 5199867, upload-time = "2026-03-23T08:23:38.066Z" },
    { url = "https://files.pythonhosted.org/packages/b3/e9/970713f4b019f69de9844e1bab37b8ddb67558e410916f4eb5869a696165/prek-0.3.8-py3-none-manylinux_2_17_aarch64.manylinux2014_aarch64.musllinux_1_1_aarch64.whl", hash = "sha256:48efc28f2f53b5b8087efca9daaed91572d62df97d5f24a1c7a087fecb5017de", size = 5441801, upload-time = "2026-03-23T08:23:32.617Z" },
    { url = "https://files.pythonhosted.org/packages/12/a4/7ef44032b181753e19452ec3b09abb3a32607cf6b0a0508f0604becaaf2b/prek-0.3.8-py3-none-manylinux_2_17_armv7l.manylinux2014_armv7l.whl", hash = "sha256:f6ca9d63bacbc448a5c18e955c78d3ac5176c3a17c3baacdd949b1a623e08a36", size = 5155107, upload-time = "2026-03-23T08:23:31.021Z" },
    { url = "https://files.pythonhosted.org/packages/bd/77/4d9c8985dbba84149760785dfe07093ea1e29d710257dfb7c89615e2234c/prek-0.3.8-py3-none-manylinux_2_17_i686.manylinux2014_i686.whl", hash = "sha256:1000f7029696b4fe712fb1fefd4c55b9c4de72b65509c8e50296370a06f9dc3f", size = 5566541, upload-time = "2026-03-23T08:23:45.694Z" },
    { url = "https://files.pythonhosted.org/packages/1a/1a/81e6769ac1f7f8346d09ce2ab0b47cf06466acd9ff72e87e5d1f0d98cd32/prek-0.3.8-py3-none-manylinux_2_17_s390x.manylinux2014_s390x.whl", hash = "sha256:6ff0bed0e2c1286522987d982168a86cbbd0d069d840506a46c9fda983515517", size = 6552991, upload-time = "2026-03-23T08:23:21.958Z" },
    { url = "https://files.pythonhosted.org/packages/6f/fa/ce2df0dd2dc75a9437a52463239d0782998943d7b04e191fb89b83016c34/prek-0.3.8-py3-none-manylinux_2_17_x86_64.manylinux2014_x86_64.whl", hash = "sha256:4fb087ac0ffda3ac65bbbae9a38326a7fd27ee007bb4a94323ce1eb539d8bbec", size = 5832972, upload-time = "2026-03-23T08:23:20.258Z" },
    { url = "https://files.pythonhosted.org/packages/18/6b/9d4269df9073216d296244595a21c253b6475dfc9076c0bd2906be7a436c/prek-0.3.8-py3-none-manylinux_2_28_aarch64.whl", hash = "sha256:2e1e5e206ff7b31bd079cce525daddc96cd6bc544d20dc128921ad92f7a4c85d", size = 5448371, upload-time = "2026-03-23T08:23:41.835Z" },
    { url = "https://files.pythonhosted.org/packages/60/1d/1e4d8a78abefa5b9d086e5a9f1638a74b5e540eec8a648d9946707701f29/prek-0.3.8-py3-none-manylinux_2_31_riscv64.whl", hash = "sha256:dcea3fe23832a4481bccb7c45f55650cb233be7c805602e788bb7dba60f2d861", size = 5270546, upload-time = "2026-03-23T08:23:24.231Z" },
    { url = "https://files.pythonhosted.org/packages/77/07/34f36551a6319ae36e272bea63a42f59d41d2d47ab0d5fb00eb7b4e88e87/prek-0.3.8-py3-none-musllinux_1_1_armv7l.whl", hash = "sha256:4d25e647e9682f6818ab5c31e7a4b842993c14782a6ffcd128d22b784e0d677f", size = 5124032, upload-time = "2026-03-23T08:23:26.368Z" },
    { url = "https://files.pythonhosted.org/packages/e3/01/6d544009bb655e709993411796af77339f439526db4f3b3509c583ad8eb9/prek-0.3.8-py3-none-musllinux_1_1_i686.whl", hash = "sha256:de528b82935e33074815acff3c7c86026754d1212136295bc88fe9c43b4231d5", size = 5432245, upload-time = "2026-03-23T08:23:47.877Z" },
    { url = "https://files.pythonhosted.org/packages/54/96/1237ee269e9bfa283ffadbcba1f401f48a47aed2b2563eb1002740d6079d/prek-0.3.8-py3-none-musllinux_1_1_x86_64.whl", hash = "sha256:6d660f1c25a126e6d9f682fe61449441226514f412a4469f5d71f8f8cad56db2", size = 5950550, upload-time = "2026-03-23T08:23:43.8Z" },
    { url = "https://files.pythonhosted.org/packages/ca/6b/a574411459049bc691047c9912f375deda10c44a707b6ce98df2b658f0b3/prek-0.3.8-py3-none-win32.whl", hash = "sha256:b0c291c577615d9f8450421dff0b32bfd77a6b0d223ee4115a1f820cb636fdf1", size = 4949501, upload-time = "2026-03-23T08:23:16.338Z" },
    { url = "https://files.pythonhosted.org/packages/0c/b4/46b59fe49f635acd9f6530778ce577f9d8b49452835726a5311ffc902c67/prek-0.3.8-py3-none-win_amd64.whl", hash = "sha256:bc147fdbdd4ec33fc7a987b893ecb69b1413ac100d95c9889a70f3fd58c73d06", size = 5346551, upload-time = "2026-03-23T08:23:34.501Z" },
    { url = "https://files.pythonhosted.org/packages/53/05/9cca1708bb8c65264124eb4b04251e0f65ce5bfc707080bb6b492d5a0df7/prek-0.3.8-py3-none-win_arm64.whl", hash = "sha256:a2614647aeafa817a5802ccb9561e92eedc20dcf840639a1b00826e2c2442515", size = 5190872, upload-time = "2026-03-23T08:23:29.463Z" },
]

[[package]]
name = "python-dateutil"
version = "2.9.0.post0"
source = { registry = "https://pypi.org/simple" }
dependencies = [
    { name = "six" },
]
sdist = { url = "https://files.pythonhosted.org/packages/66/c0/0c8b6ad9f17a802ee498c46e004a0eb49bc148f2fd230864601a86dcf6db/python-dateutil-2.9.0.post0.tar.gz", hash = "sha256:37dd54208da7e1cd875388217d5e00ebd4179249f90fb72437e91a35459a0ad3", size = 342432, upload-time = "2024-03-01T18:36:20.211Z" }
wheels = [
    { url = "https://files.pythonhosted.org/packages/ec/57/56b9bcc3c9c6a792fcbaf139543cee77261f3651ca9da0c93f5c1221264b/python_dateutil-2.9.0.post0-py2.py3-none-any.whl", hash = "sha256:a8b2bc7bffae282281c8140a97d3aa9c14da0b136dfe83f850eea9a5f7470427", size = 229892, upload-time = "2024-03-01T18:36:18.57Z" },
]

[[package]]
name = "ruff"
version = "0.15.9"
source = { registry = "https://pypi.org/simple" }
sdist = { url = "https://files.pythonhosted.org/packages/e6/97/e9f1ca355108ef7194e38c812ef40ba98c7208f47b13ad78d023caa583da/ruff-0.15.9.tar.gz", hash = "sha256:29cbb1255a9797903f6dde5ba0188c707907ff44a9006eb273b5a17bfa0739a2", size = 4617361, upload-time = "2026-04-02T18:17:20.829Z" }
wheels = [
    { url = "https://files.pythonhosted.org/packages/0b/1f/9cdfd0ac4b9d1e5a6cf09bedabdf0b56306ab5e333c85c87281273e7b041/ruff-0.15.9-py3-none-linux_armv6l.whl", hash = "sha256:6efbe303983441c51975c243e26dff328aca11f94b70992f35b093c2e71801e1", size = 10511206, upload-time = "2026-04-02T18:16:41.574Z" },
    { url = "https://files.pythonhosted.org/packages/3d/f6/32bfe3e9c136b35f02e489778d94384118bb80fd92c6d92e7ccd97db12ce/ruff-0.15.9-py3-none-macosx_10_12_x86_64.whl", hash = "sha256:4965bac6ac9ea86772f4e23587746f0b7a395eccabb823eb8bfacc3fa06069f7", size = 10923307, upload-time = "2026-04-02T18:17:08.645Z" },
    { url = "https://files.pythonhosted.org/packages/ca/25/de55f52ab5535d12e7aaba1de37a84be6179fb20bddcbe71ec091b4a3243/ruff-0.15.9-py3-none-macosx_11_0_arm64.whl", hash = "sha256:eaf05aad70ca5b5a0a4b0e080df3a6b699803916d88f006efd1f5b46302daab8", size = 10316722, upload-time = "2026-04-02T18:16:44.206Z" },
    { url = "https://files.pythonhosted.org/packages/48/11/690d75f3fd6278fe55fff7c9eb429c92d207e14b25d1cae4064a32677029/ruff-0.15.9-py3-none-manylinux_2_17_aarch64.manylinux2014_aarch64.whl", hash = "sha256:9439a342adb8725f32f92732e2bafb6d5246bd7a5021101166b223d312e8fc59", size = 10623674, upload-time = "2026-04-02T18:16:50.951Z" },
    { url = "https://files.pythonhosted.org/packages/bd/ec/176f6987be248fc5404199255522f57af1b4a5a1b57727e942479fec98ad/ruff-0.15.9-py3-none-manylinux_2_17_armv7l.manylinux2014_armv7l.whl", hash = "sha256:9c5e6faf9d97c8edc43877c3f406f47446fc48c40e1442d58cfcdaba2acea745", size = 10351516, upload-time = "2026-04-02T18:16:57.206Z" },
    { url = "https://files.pythonhosted.org/packages/b2/fc/51cffbd2b3f240accc380171d51446a32aa2ea43a40d4a45ada67368fbd2/ruff-0.15.9-py3-none-manylinux_2_17_i686.manylinux2014_i686.whl", hash = "sha256:7b34a9766aeec27a222373d0b055722900fbc0582b24f39661aa96f3fe6ad901", size = 11150202, upload-time = "2026-04-02T18:17:06.452Z" },
    { url = "https://files.pythonhosted.org/packages/d6/d4/25292a6dfc125f6b6528fe6af31f5e996e19bf73ca8e3ce6eb7fa5b95885/ruff-0.15.9-py3-none-manylinux_2_17_ppc64le.manylinux2014_ppc64le.whl", hash = "sha256:89dd695bc72ae76ff484ae54b7e8b0f6b50f49046e198355e44ea656e521fef9", size = 11988891, upload-time = "2026-04-02T18:17:18.575Z" },
    { url = "https://files.pythonhosted.org/packages/13/e1/1eebcb885c10e19f969dcb93d8413dfee8172578709d7ee933640f5e7147/ruff-0.15.9-py3-none-manylinux_2_17_s390x.manylinux2014_s390x.whl", hash = "sha256:ce187224ef1de1bd225bc9a152ac7102a6171107f026e81f317e4257052916d5", size = 11480576, upload-time = "2026-04-02T18:16:52.986Z" },
    { url = "https://files.pythonhosted.org/packages/ff/6b/a1548ac378a78332a4c3dcf4a134c2475a36d2a22ddfa272acd574140b50/ruff-0.15.9-py3-none-manylinux_2_17_x86_64.manylinux2014_x86_64.whl", hash = "sha256:2b0c7c341f68adb01c488c3b7d4b49aa8ea97409eae6462d860a79cf55f431b6", size = 11254525, upload-time = "2026-04-02T18:17:02.041Z" },
    { url = "https://files.pythonhosted.org/packages/42/aa/4bb3af8e61acd9b1281db2ab77e8b2c3c5e5599bf2a29d4a942f1c62b8d6/ruff-0.15.9-py3-none-manylinux_2_31_riscv64.whl", hash = "sha256:55cc15eee27dc0eebdfcb0d185a6153420efbedc15eb1d38fe5e685657b0f840", size = 11204072, upload-time = "2026-04-02T18:17:13.581Z" },
    { url = "https://files.pythonhosted.org/packages/69/48/d550dc2aa6e423ea0bcc1d0ff0699325ffe8a811e2dba156bd80750b86dc/ruff-0.15.9-py3-none-musllinux_1_2_aarch64.whl", hash = "sha256:a6537f6eed5cda688c81073d46ffdfb962a5f29ecb6f7e770b2dc920598997ed", size = 10594998, upload-time = "2026-04-02T18:16:46.369Z" },
    { url = "https://files.pythonhosted.org/packages/63/47/321167e17f5344ed5ec6b0aa2cff64efef5f9e985af8f5622cfa6536043f/ruff-0.15.9-py3-none-musllinux_1_2_armv7l.whl", hash = "sha256:6d3fcbca7388b066139c523bda744c822258ebdcfbba7d24410c3f454cc9af71", size = 10359769, upload-time = "2026-04-02T18:17:10.994Z" },
    { url = "https://files.pythonhosted.org/packages/67/5e/074f00b9785d1d2c6f8c22a21e023d0c2c1817838cfca4c8243200a1fa87/ruff-0.15.9-py3-none-musllinux_1_2_i686.whl", hash = "sha256:058d8e99e1bfe79d8a0def0b481c56059ee6716214f7e425d8e737e412d69677", size = 10850236, upload-time = "2026-04-02T18:16:48.749Z" },
    { url = "https://files.pythonhosted.org/packages/76/37/804c4135a2a2caf042925d30d5f68181bdbd4461fd0d7739da28305df593/ruff-0.15.9-py3-none-musllinux_1_2_x86_64.whl", hash = "sha256:8e1ddb11dbd61d5983fa2d7d6370ef3eb210951e443cace19594c01c72abab4c", size = 11358343, upload-time = "2026-04-02T18:16:55.068Z" },
    { url = "https://files.pythonhosted.org/packages/88/3d/1364fcde8656962782aa9ea93c92d98682b1ecec2f184e625a965ad3b4a6/ruff-0.15.9-py3-none-win32.whl", hash = "sha256:bde6ff36eaf72b700f32b7196088970bf8fdb2b917b7accd8c371bfc0fd573ec", size = 10583382, upload-time = "2026-04-02T18:17:04.261Z" },
    { url = "https://files.pythonhosted.org/packages/4c/56/5c7084299bd2cacaa07ae63a91c6f4ba66edc08bf28f356b24f6b717c799/ruff-0.15.9-py3-none-win_amd64.whl", hash = "sha256:45a70921b80e1c10cf0b734ef09421f71b5aa11d27404edc89d7e8a69505e43d", size = 11744969, upload-time = "2026-04-02T18:16:59.611Z" },
    { url = "https://files.pythonhosted.org/packages/03/36/76704c4f312257d6dbaae3c959add2a622f63fcca9d864659ce6d8d97d3d/ruff-0.15.9-py3-none-win_arm64.whl", hash = "sha256:0694e601c028fd97dc5c6ee244675bc241aeefced7ef80cd9c6935a871078f53", size = 11005870, upload-time = "2026-04-02T18:17:15.773Z" },
]

[[package]]
name = "six"
version = "1.17.0"
source = { registry = "https://pypi.org/simple" }
sdist = { url = "https://files.pythonhosted.org/packages/94/e7/b2c673351809dca68a0e064b6af791aa332cf192da575fd474ed7d6f16a2/six-1.17.0.tar.gz", hash = "sha256:ff70335d468e7eb6ec65b95b99d3a2836546063f63acc5171de367e834932a81", size = 34031, upload-time = "2024-12-04T17:35:28.174Z" }
wheels = [
    { url = "https://files.pythonhosted.org/packages/b7/ce/149a00dd41f10bc29e5921b496af8b574d8413afcd5e30dfa0ed46c2cc5e/six-1.17.0-py2.py3-none-any.whl", hash = "sha256:4721f391ed90541fddacab5acf947aa0d3dc7d27b2e1e8eda2be8970586c3274", size = 11050, upload-time = "2024-12-04T17:35:26.475Z" },
]

[[package]]
name = "soupsieve"
version = "2.8.3"
source = { registry = "https://pypi.org/simple" }
sdist = { url = "https://files.pythonhosted.org/packages/7b/ae/2d9c981590ed9999a0d91755b47fc74f74de286b0f5cee14c9269041e6c4/soupsieve-2.8.3.tar.gz", hash = "sha256:3267f1eeea4251fb42728b6dfb746edc9acaffc4a45b27e19450b676586e8349", size = 118627, upload-time = "2026-01-20T04:27:02.457Z" }
wheels = [
    { url = "https://files.pythonhosted.org/packages/46/2c/1462b1d0a634697ae9e55b3cecdcb64788e8b7d63f54d923fcd0bb140aed/soupsieve-2.8.3-py3-none-any.whl", hash = "sha256:ed64f2ba4eebeab06cc4962affce381647455978ffc1e36bb79a545b91f45a95", size = 37016, upload-time = "2026-01-20T04:27:01.012Z" },
]

[[package]]
name = "typing-extensions"
version = "4.15.0"
source = { registry = "https://pypi.org/simple" }
sdist = { url = "https://files.pythonhosted.org/packages/72/94/1a15dd82efb362ac84269196e94cf00f187f7ed21c242792a923cdb1c61f/typing_extensions-4.15.0.tar.gz", hash = "sha256:0cea48d173cc12fa28ecabc3b837ea3cf6f38c6d1136f85cbaaf598984861466", size = 109391, upload-time = "2025-08-25T13:49:26.313Z" }
wheels = [
    { url = "https://files.pythonhosted.org/packages/18/67/36e9267722cc04a6b9f15c7f3441c2363321a3ea07da7ae0c0707beb2a9c/typing_extensions-4.15.0-py3-none-any.whl", hash = "sha256:f0fa19c6845758ab08074a0cfa8b7aecb71c999ca73d62883bc25cc018c4e548", size = 44614, upload-time = "2025-08-25T13:49:24.86Z" },
]

[[package]]
name = "tzdata"
version = "2026.1"
source = { registry = "https://pypi.org/simple" }
sdist = { url = "https://files.pythonhosted.org/packages/19/f5/cd531b2d15a671a40c0f66cf06bc3570a12cd56eef98960068ebbad1bf5a/tzdata-2026.1.tar.gz", hash = "sha256:67658a1903c75917309e753fdc349ac0efd8c27db7a0cb406a25be4840f87f98", size = 197639, upload-time = "2026-04-03T11:25:22.002Z" }
wheels = [
    { url = "https://files.pythonhosted.org/packages/b0/70/d460bd685a170790ec89317e9bd33047988e4bce507b831f5db771e142de/tzdata-2026.1-py2.py3-none-any.whl", hash = "sha256:4b1d2be7ac37ceafd7327b961aa3a54e467efbdb563a23655fbfe0d39cfc42a9", size = 348952, upload-time = "2026-04-03T11:25:20.313Z" },
]
